
Microsoft Visual Studio Solution File, Format Version 12.00
# Visual Studio Version 17
VisualStudioVersion = 17.4.33205.214
MinimumVisualStudioVersion = 10.0.40219.1
Project("{FAE04EC0-301F-11D3-BF4B-00C04F79EFBC}") = "04_GestionaleHotel", "04_GestionaleHotel\04_GestionaleHotel.csproj", "{A047FFB0-300B-44C4-BF58-F37F5803738B}"
EndProject
Global
	GlobalSection(SolutionConfigurationPlatforms) = preSolution
		Debug|Any CPU = Debug|Any CPU
		Release|Any CPU = Release|Any CPU
	EndGlobalSection
	GlobalSection(ProjectConfigurationPlatforms) = postSolution
		{A047FFB0-300B-44C4-BF58-F37F5803738B}.Debug|Any CPU.ActiveCfg = Debug|Any CPU
		{A047FFB0-300B-44C4-BF58-F37F5803738B}.Debug|Any CPU.Build.0 = Debug|Any CPU
		{A047FFB0-300B-44C4-BF58-F37F5803738B}.Release|Any CPU.ActiveCfg = Release|Any CPU
		{A047FFB0-300B-44C4-BF58-F37F5803738B}.Release|Any CPU.Build.0 = Release|Any CPU
	EndGlobalSection
	GlobalSection(SolutionProperties) = preSolution
		HideSolutionNode = FALSE
	EndGlobalSection
	GlobalSection(ExtensibilityGlobals) = postSolution
		SolutionGuid = {C5087A9A-CF15-416E-B888-21A09A334ACD}
	EndGlobalSection
EndGlobal
